
Microsoft Visual Studio Solution File, Format Version 12.00
# Visual Studio Version 16
VisualStudioVersion = 16.0.30611.23
MinimumVisualStudioVersion = 10.0.40219.1
Project("{FAE04EC0-301F-11D3-BF4B-00C04F79EFBC}") = "SimpleCode38", "SimpleCode38\SimpleCode38.csproj", "{3FC4460D-77E6-49D2-8541-0270BF1E1C49}"
EndProject
Project("{FAE04EC0-301F-11D3-BF4B-00C04F79EFBC}") = "SimpleCode39", "SimpleCode39\SimpleCode39.csproj", "{871AEC97-E8BB-4086-AA46-92461AE22E1B}"
EndProject
Global
	GlobalSection(SolutionConfigurationPlatforms) = preSolution
		Debug|Any CPU = Debug|Any CPU
		Release|Any CPU = Release|Any CPU
	EndGlobalSection
	GlobalSection(ProjectConfigurationPlatforms) = postSolution
		{3FC4460D-77E6-49D2-8541-0270BF1E1C49}.Debug|Any CPU.ActiveCfg = Debug|Any CPU
		{3FC4460D-77E6-49D2-8541-0270BF1E1C49}.Debug|Any CPU.Build.0 = Debug|Any CPU
		{3FC4460D-77E6-49D2-8541-0270BF1E1C49}.Release|Any CPU.ActiveCfg = Release|Any CPU
		{3FC4460D-77E6-49D2-8541-0270BF1E1C49}.Release|Any CPU.Build.0 = Release|Any CPU
		{871AEC97-E8BB-4086-AA46-92461AE22E1B}.Debug|Any CPU.ActiveCfg = Debug|Any CPU
		{871AEC97-E8BB-4086-AA46-92461AE22E1B}.Debug|Any CPU.Build.0 = Debug|Any CPU
		{871AEC97-E8BB-4086-AA46-92461AE22E1B}.Release|Any CPU.ActiveCfg = Release|Any CPU
		{871AEC97-E8BB-4086-AA46-92461AE22E1B}.Release|Any CPU.Build.0 = Release|Any CPU
	EndGlobalSection
	GlobalSection(SolutionProperties) = preSolution
		HideSolutionNode = FALSE
	EndGlobalSection
	GlobalSection(ExtensibilityGlobals) = postSolution
		SolutionGuid = {13ACA570-B7D9-4D2C-AA15-387C01E41076}
	EndGlobalSection
EndGlobal
