
Microsoft Visual Studio Solution File, Format Version 12.00
# Visual Studio Version 16
VisualStudioVersion = 16.0.30621.155
MinimumVisualStudioVersion = 10.0.40219.1
Project("{FAE04EC0-301F-11D3-BF4B-00C04F79EFBC}") = "SimpleCode8", "SimpleCode8\SimpleCode8.csproj", "{62D388AA-C6E5-4D5B-80D3-1395CAA75A28}"
EndProject
Project("{FAE04EC0-301F-11D3-BF4B-00C04F79EFBC}") = "MyProject", "MyProject\MyProject.csproj", "{4CBFCAA0-18B8-412E-A8B4-C443BA3C2E2D}"
EndProject
Project("{FAE04EC0-301F-11D3-BF4B-00C04F79EFBC}") = "DZ8lesson", "DZ8lesson\DZ8lesson.csproj", "{0E41334C-839E-463F-BEA9-3BEFBCE465B4}"
EndProject
Global
	GlobalSection(SolutionConfigurationPlatforms) = preSolution
		Debug|Any CPU = Debug|Any CPU
		Release|Any CPU = Release|Any CPU
	EndGlobalSection
	GlobalSection(ProjectConfigurationPlatforms) = postSolution
		{62D388AA-C6E5-4D5B-80D3-1395CAA75A28}.Debug|Any CPU.ActiveCfg = Debug|Any CPU
		{62D388AA-C6E5-4D5B-80D3-1395CAA75A28}.Debug|Any CPU.Build.0 = Debug|Any CPU
		{62D388AA-C6E5-4D5B-80D3-1395CAA75A28}.Release|Any CPU.ActiveCfg = Release|Any CPU
		{62D388AA-C6E5-4D5B-80D3-1395CAA75A28}.Release|Any CPU.Build.0 = Release|Any CPU
		{4CBFCAA0-18B8-412E-A8B4-C443BA3C2E2D}.Debug|Any CPU.ActiveCfg = Debug|Any CPU
		{4CBFCAA0-18B8-412E-A8B4-C443BA3C2E2D}.Debug|Any CPU.Build.0 = Debug|Any CPU
		{4CBFCAA0-18B8-412E-A8B4-C443BA3C2E2D}.Release|Any CPU.ActiveCfg = Release|Any CPU
		{4CBFCAA0-18B8-412E-A8B4-C443BA3C2E2D}.Release|Any CPU.Build.0 = Release|Any CPU
		{0E41334C-839E-463F-BEA9-3BEFBCE465B4}.Debug|Any CPU.ActiveCfg = Debug|Any CPU
		{0E41334C-839E-463F-BEA9-3BEFBCE465B4}.Debug|Any CPU.Build.0 = Debug|Any CPU
		{0E41334C-839E-463F-BEA9-3BEFBCE465B4}.Release|Any CPU.ActiveCfg = Release|Any CPU
		{0E41334C-839E-463F-BEA9-3BEFBCE465B4}.Release|Any CPU.Build.0 = Release|Any CPU
	EndGlobalSection
	GlobalSection(SolutionProperties) = preSolution
		HideSolutionNode = FALSE
	EndGlobalSection
	GlobalSection(ExtensibilityGlobals) = postSolution
		SolutionGuid = {BE0B6C5D-1EE5-48E2-921F-6BBD9325671D}
	EndGlobalSection
EndGlobal
