
Microsoft Visual Studio Solution File, Format Version 12.00
# Visual Studio Version 16
VisualStudioVersion = 16.0.30611.23
MinimumVisualStudioVersion = 10.0.40219.1
Project("{FAE04EC0-301F-11D3-BF4B-00C04F79EFBC}") = "DZ10", "DZ10\DZ10.csproj", "{1245A3F4-F935-471F-BC38-2228AE4500B2}"
EndProject
Global
	GlobalSection(SolutionConfigurationPlatforms) = preSolution
		Debug|Any CPU = Debug|Any CPU
		Release|Any CPU = Release|Any CPU
	EndGlobalSection
	GlobalSection(ProjectConfigurationPlatforms) = postSolution
		{1245A3F4-F935-471F-BC38-2228AE4500B2}.Debug|Any CPU.ActiveCfg = Debug|Any CPU
		{1245A3F4-F935-471F-BC38-2228AE4500B2}.Debug|Any CPU.Build.0 = Debug|Any CPU
		{1245A3F4-F935-471F-BC38-2228AE4500B2}.Release|Any CPU.ActiveCfg = Release|Any CPU
		{1245A3F4-F935-471F-BC38-2228AE4500B2}.Release|Any CPU.Build.0 = Release|Any CPU
	EndGlobalSection
	GlobalSection(SolutionProperties) = preSolution
		HideSolutionNode = FALSE
	EndGlobalSection
	GlobalSection(ExtensibilityGlobals) = postSolution
		SolutionGuid = {D6A569AA-5DF1-40BF-AF5D-30E91C6B5AC5}
	EndGlobalSection
EndGlobal
