
Microsoft Visual Studio Solution File, Format Version 12.00
# Visual Studio Version 16
VisualStudioVersion = 16.0.30611.23
MinimumVisualStudioVersion = 10.0.40219.1
Project("{FAE04EC0-301F-11D3-BF4B-00C04F79EFBC}") = "WebApplication1", "WebApplication1\WebApplication1.csproj", "{D84FB78F-66A8-4B83-B9B9-203DC9AEA33D}"
EndProject
Global
	GlobalSection(SolutionConfigurationPlatforms) = preSolution
		Debug|Any CPU = Debug|Any CPU
		Release|Any CPU = Release|Any CPU
	EndGlobalSection
	GlobalSection(ProjectConfigurationPlatforms) = postSolution
		{D84FB78F-66A8-4B83-B9B9-203DC9AEA33D}.Debug|Any CPU.ActiveCfg = Debug|Any CPU
		{D84FB78F-66A8-4B83-B9B9-203DC9AEA33D}.Debug|Any CPU.Build.0 = Debug|Any CPU
		{D84FB78F-66A8-4B83-B9B9-203DC9AEA33D}.Release|Any CPU.ActiveCfg = Release|Any CPU
		{D84FB78F-66A8-4B83-B9B9-203DC9AEA33D}.Release|Any CPU.Build.0 = Release|Any CPU
	EndGlobalSection
	GlobalSection(SolutionProperties) = preSolution
		HideSolutionNode = FALSE
	EndGlobalSection
	GlobalSection(ExtensibilityGlobals) = postSolution
		SolutionGuid = {2D2423B4-68B6-4FED-931E-20B4A1B36E55}
	EndGlobalSection
EndGlobal
