
Microsoft Visual Studio Solution File, Format Version 12.00
# Visual Studio Version 16
VisualStudioVersion = 16.0.30611.23
MinimumVisualStudioVersion = 10.0.40219.1
Project("{FAE04EC0-301F-11D3-BF4B-00C04F79EFBC}") = "TriangleDz5", "TriangleDz5\TriangleDz5.csproj", "{33C84942-FCF7-48B5-B66C-9C48A15D88FE}"
EndProject
Global
	GlobalSection(SolutionConfigurationPlatforms) = preSolution
		Debug|Any CPU = Debug|Any CPU
		Release|Any CPU = Release|Any CPU
	EndGlobalSection
	GlobalSection(ProjectConfigurationPlatforms) = postSolution
		{33C84942-FCF7-48B5-B66C-9C48A15D88FE}.Debug|Any CPU.ActiveCfg = Debug|Any CPU
		{33C84942-FCF7-48B5-B66C-9C48A15D88FE}.Debug|Any CPU.Build.0 = Debug|Any CPU
		{33C84942-FCF7-48B5-B66C-9C48A15D88FE}.Release|Any CPU.ActiveCfg = Release|Any CPU
		{33C84942-FCF7-48B5-B66C-9C48A15D88FE}.Release|Any CPU.Build.0 = Release|Any CPU
	EndGlobalSection
	GlobalSection(SolutionProperties) = preSolution
		HideSolutionNode = FALSE
	EndGlobalSection
	GlobalSection(ExtensibilityGlobals) = postSolution
		SolutionGuid = {82254899-57A2-44E4-9162-828A29350CF7}
	EndGlobalSection
EndGlobal
