
Microsoft Visual Studio Solution File, Format Version 12.00
# Visual Studio Version 16
VisualStudioVersion = 16.0.30621.155
MinimumVisualStudioVersion = 10.0.40219.1
Project("{FAE04EC0-301F-11D3-BF4B-00C04F79EFBC}") = "SimpleCode7", "SimpleCode7\SimpleCode7.csproj", "{B400ECBF-2C99-4CE2-B764-A8286F71D318}"
EndProject
Global
	GlobalSection(SolutionConfigurationPlatforms) = preSolution
		Debug|Any CPU = Debug|Any CPU
		Release|Any CPU = Release|Any CPU
	EndGlobalSection
	GlobalSection(ProjectConfigurationPlatforms) = postSolution
		{B400ECBF-2C99-4CE2-B764-A8286F71D318}.Debug|Any CPU.ActiveCfg = Debug|Any CPU
		{B400ECBF-2C99-4CE2-B764-A8286F71D318}.Debug|Any CPU.Build.0 = Debug|Any CPU
		{B400ECBF-2C99-4CE2-B764-A8286F71D318}.Release|Any CPU.ActiveCfg = Release|Any CPU
		{B400ECBF-2C99-4CE2-B764-A8286F71D318}.Release|Any CPU.Build.0 = Release|Any CPU
	EndGlobalSection
	GlobalSection(SolutionProperties) = preSolution
		HideSolutionNode = FALSE
	EndGlobalSection
	GlobalSection(ExtensibilityGlobals) = postSolution
		SolutionGuid = {53BB89E8-C8C1-47BD-AD8C-15336F00869D}
	EndGlobalSection
EndGlobal
