
Microsoft Visual Studio Solution File, Format Version 12.00
# Visual Studio Version 16
VisualStudioVersion = 16.0.30621.155
MinimumVisualStudioVersion = 10.0.40219.1
Project("{FAE04EC0-301F-11D3-BF4B-00C04F79EFBC}") = "SimpleCode15", "SimpleCode15\SimpleCode15.csproj", "{33058C5C-9F57-4046-ADEF-3CD6D55D64A6}"
EndProject
Project("{FAE04EC0-301F-11D3-BF4B-00C04F79EFBC}") = "dzCalc", "dzCalc\dzCalc.csproj", "{97548740-1EA5-4F65-BF0C-4EBC1E3E7C72}"
EndProject
Project("{FAE04EC0-301F-11D3-BF4B-00C04F79EFBC}") = "dzCalc2", "dzCalc2\dzCalc2.csproj", "{5B860675-D6C3-4CC9-BBC6-3289BA3BDA6C}"
EndProject
Global
	GlobalSection(SolutionConfigurationPlatforms) = preSolution
		Debug|Any CPU = Debug|Any CPU
		Release|Any CPU = Release|Any CPU
	EndGlobalSection
	GlobalSection(ProjectConfigurationPlatforms) = postSolution
		{33058C5C-9F57-4046-ADEF-3CD6D55D64A6}.Debug|Any CPU.ActiveCfg = Debug|Any CPU
		{33058C5C-9F57-4046-ADEF-3CD6D55D64A6}.Debug|Any CPU.Build.0 = Debug|Any CPU
		{33058C5C-9F57-4046-ADEF-3CD6D55D64A6}.Release|Any CPU.ActiveCfg = Release|Any CPU
		{33058C5C-9F57-4046-ADEF-3CD6D55D64A6}.Release|Any CPU.Build.0 = Release|Any CPU
		{97548740-1EA5-4F65-BF0C-4EBC1E3E7C72}.Debug|Any CPU.ActiveCfg = Debug|Any CPU
		{97548740-1EA5-4F65-BF0C-4EBC1E3E7C72}.Debug|Any CPU.Build.0 = Debug|Any CPU
		{97548740-1EA5-4F65-BF0C-4EBC1E3E7C72}.Release|Any CPU.ActiveCfg = Release|Any CPU
		{97548740-1EA5-4F65-BF0C-4EBC1E3E7C72}.Release|Any CPU.Build.0 = Release|Any CPU
		{5B860675-D6C3-4CC9-BBC6-3289BA3BDA6C}.Debug|Any CPU.ActiveCfg = Debug|Any CPU
		{5B860675-D6C3-4CC9-BBC6-3289BA3BDA6C}.Debug|Any CPU.Build.0 = Debug|Any CPU
		{5B860675-D6C3-4CC9-BBC6-3289BA3BDA6C}.Release|Any CPU.ActiveCfg = Release|Any CPU
		{5B860675-D6C3-4CC9-BBC6-3289BA3BDA6C}.Release|Any CPU.Build.0 = Release|Any CPU
	EndGlobalSection
	GlobalSection(SolutionProperties) = preSolution
		HideSolutionNode = FALSE
	EndGlobalSection
	GlobalSection(ExtensibilityGlobals) = postSolution
		SolutionGuid = {368E4DE6-3177-4180-9347-A5C89E640BFE}
	EndGlobalSection
EndGlobal
