
Microsoft Visual Studio Solution File, Format Version 12.00
# Visual Studio Version 16
VisualStudioVersion = 16.0.30611.23
MinimumVisualStudioVersion = 10.0.40219.1
Project("{FAE04EC0-301F-11D3-BF4B-00C04F79EFBC}") = "SimpleCode42", "SimpleCode42\SimpleCode42.csproj", "{DC482CAF-8DCE-4716-B967-BDF2F34D749E}"
EndProject
Global
	GlobalSection(SolutionConfigurationPlatforms) = preSolution
		Debug|Any CPU = Debug|Any CPU
		Release|Any CPU = Release|Any CPU
	EndGlobalSection
	GlobalSection(ProjectConfigurationPlatforms) = postSolution
		{DC482CAF-8DCE-4716-B967-BDF2F34D749E}.Debug|Any CPU.ActiveCfg = Debug|Any CPU
		{DC482CAF-8DCE-4716-B967-BDF2F34D749E}.Debug|Any CPU.Build.0 = Debug|Any CPU
		{DC482CAF-8DCE-4716-B967-BDF2F34D749E}.Release|Any CPU.ActiveCfg = Release|Any CPU
		{DC482CAF-8DCE-4716-B967-BDF2F34D749E}.Release|Any CPU.Build.0 = Release|Any CPU
	EndGlobalSection
	GlobalSection(SolutionProperties) = preSolution
		HideSolutionNode = FALSE
	EndGlobalSection
	GlobalSection(ExtensibilityGlobals) = postSolution
		SolutionGuid = {425ABAE9-94D9-454B-91DA-A46DC64ED34D}
	EndGlobalSection
EndGlobal
